Microsoft Visual Studio Solution File, Format Version 12.00
# Visual Studio Version 17
VisualStudioVersion = 17.5.2.0
MinimumVisualStudioVersion = 10.0.40219.1
Project("{2150E333-8FDC-42A3-9474-1A3956D46DE8}") = "E-Learning", "E-Learning", "{98E3E3AF-CB29-06EA-E29C-4284568A3E64}"
EndProject
Project("{FAE04EC0-301F-11D3-BF4B-00C04F79EFBC}") = "backend", "E-Learning\backend\backend.csproj", "{485422BE-9036-0E15-5E38-088C6373D0D9}"
EndProject
Global
	GlobalSection(SolutionConfigurationPlatforms) = preSolution
		Debug|Any CPU = Debug|Any CPU
		Release|Any CPU = Release|Any CPU
	EndGlobalSection
	GlobalSection(ProjectConfigurationPlatforms) = postSolution
		{485422BE-9036-0E15-5E38-088C6373D0D9}.Debug|Any CPU.ActiveCfg = Debug|Any CPU
		{485422BE-9036-0E15-5E38-088C6373D0D9}.Debug|Any CPU.Build.0 = Debug|Any CPU
		{485422BE-9036-0E15-5E38-088C6373D0D9}.Release|Any CPU.ActiveCfg = Release|Any CPU
		{485422BE-9036-0E15-5E38-088C6373D0D9}.Release|Any CPU.Build.0 = Release|Any CPU
	EndGlobalSection
	GlobalSection(SolutionProperties) = preSolution
		HideSolutionNode = FALSE
	EndGlobalSection
	GlobalSection(NestedProjects) = preSolution
		{485422BE-9036-0E15-5E38-088C6373D0D9} = {98E3E3AF-CB29-06EA-E29C-4284568A3E64}
	EndGlobalSection
	GlobalSection(ExtensibilityGlobals) = postSolution
		SolutionGuid = {729D6FDA-FE9E-42D8-ACD0-32B7BDA47D3E}
	EndGlobalSection
EndGlobal
